
Microsoft Visual Studio Solution File, Format Version 12.00
# Visual Studio Version 16
VisualStudioVersion = 16.0.29403.142
MinimumVisualStudioVersion = 10.0.40219.1
Project("{9A19103F-16F7-4668-BE54-9A1E7A4F7556}") = "GameOfLife.Tests", "GameOfLife.Tests\GameOfLife.Tests.csproj", "{C0B65C2B-9423-4336-A536-0242B5007542}"
EndProject
Project("{9A19103F-16F7-4668-BE54-9A1E7A4F7556}") = "Model", "Model\Model.csproj", "{C37716D4-315D-422E-B320-F4C3C509BB86}"
EndProject
Global
	GlobalSection(SolutionConfigurationPlatforms) = preSolution
		Debug|Any CPU = Debug|Any CPU
		Release|Any CPU = Release|Any CPU
	EndGlobalSection
	GlobalSection(ProjectConfigurationPlatforms) = postSolution
		{C0B65C2B-9423-4336-A536-0242B5007542}.Debug|Any CPU.ActiveCfg = Debug|Any CPU
		{C0B65C2B-9423-4336-A536-0242B5007542}.Debug|Any CPU.Build.0 = Debug|Any CPU
		{C0B65C2B-9423-4336-A536-0242B5007542}.Release|Any CPU.ActiveCfg = Release|Any CPU
		{C0B65C2B-9423-4336-A536-0242B5007542}.Release|Any CPU.Build.0 = Release|Any CPU
		{C37716D4-315D-422E-B320-F4C3C509BB86}.Debug|Any CPU.ActiveCfg = Debug|Any CPU
		{C37716D4-315D-422E-B320-F4C3C509BB86}.Debug|Any CPU.Build.0 = Debug|Any CPU
		{C37716D4-315D-422E-B320-F4C3C509BB86}.Release|Any CPU.ActiveCfg = Release|Any CPU
		{C37716D4-315D-422E-B320-F4C3C509BB86}.Release|Any CPU.Build.0 = Release|Any CPU
	EndGlobalSection
	GlobalSection(SolutionProperties) = preSolution
		HideSolutionNode = FALSE
	EndGlobalSection
	GlobalSection(ExtensibilityGlobals) = postSolution
		SolutionGuid = {621587D4-D932-488C-ADED-BEB757E5AD93}
	EndGlobalSection
EndGlobal
